{
  "name": "gamification",
  "version": "1.0.0",
  "lockfileVersion": 1,
  "requires": true,
  "dependencies": {
    "rate-limiter-flexible": {
      "version": "2.2.2",
      "resolved": "https://registry.npmjs.org/rate-limiter-flexible/-/rate-limiter-flexible-2.2.2.tgz",
      "integrity": "sha512-8qpJC/Zc/0dM9BW21/JyROt6eUeLZ8l06vrSWZFwgNV9IpthIJe6Pcuowpzxe0PJ3vYDaECiqvF/1J/+Nh5wgA=="
    }
  }
}
